
Microsoft Visual Studio Solution File, Format Version 12.00
# Visual Studio Version 16
VisualStudioVersion = 16.0.31515.178
MinimumVisualStudioVersion = 10.0.40219.1
Project("{FAE04EC0-301F-11D3-BF4B-00C04F79EFBC}") = "CotizacionEnLinea.Server", "CotizacionEnLinea\Server\CotizacionEnLinea.Server.csproj", "{9100D71E-D368-41DA-9A94-74871B65F33B}"
EndProject
Project("{FAE04EC0-301F-11D3-BF4B-00C04F79EFBC}") = "CotizacionEnLinea.Client", "CotizacionEnLinea\Client\CotizacionEnLinea.Client.csproj", "{14732CE7-23AF-43AB-A17B-FD04E5FA172C}"
EndProject
Project("{FAE04EC0-301F-11D3-BF4B-00C04F79EFBC}") = "CotizacionEnLinea.Shared", "CotizacionEnLinea\Shared\CotizacionEnLinea.Shared.csproj", "{C224F08D-E5AF-490A-9461-94D6434224EE}"
EndProject
Global
	GlobalSection(SolutionConfigurationPlatforms) = preSolution
		Debug|Any CPU = Debug|Any CPU
		Release|Any CPU = Release|Any CPU
	EndGlobalSection
	GlobalSection(ProjectConfigurationPlatforms) = postSolution
		{9100D71E-D368-41DA-9A94-74871B65F33B}.Debug|Any CPU.ActiveCfg = Debug|Any CPU
		{9100D71E-D368-41DA-9A94-74871B65F33B}.Debug|Any CPU.Build.0 = Debug|Any CPU
		{9100D71E-D368-41DA-9A94-74871B65F33B}.Release|Any CPU.ActiveCfg = Release|Any CPU
		{9100D71E-D368-41DA-9A94-74871B65F33B}.Release|Any CPU.Build.0 = Release|Any CPU
		{14732CE7-23AF-43AB-A17B-FD04E5FA172C}.Debug|Any CPU.ActiveCfg = Debug|Any CPU
		{14732CE7-23AF-43AB-A17B-FD04E5FA172C}.Debug|Any CPU.Build.0 = Debug|Any CPU
		{14732CE7-23AF-43AB-A17B-FD04E5FA172C}.Release|Any CPU.ActiveCfg = Release|Any CPU
		{14732CE7-23AF-43AB-A17B-FD04E5FA172C}.Release|Any CPU.Build.0 = Release|Any CPU
		{C224F08D-E5AF-490A-9461-94D6434224EE}.Debug|Any CPU.ActiveCfg = Debug|Any CPU
		{C224F08D-E5AF-490A-9461-94D6434224EE}.Debug|Any CPU.Build.0 = Debug|Any CPU
		{C224F08D-E5AF-490A-9461-94D6434224EE}.Release|Any CPU.ActiveCfg = Release|Any CPU
		{C224F08D-E5AF-490A-9461-94D6434224EE}.Release|Any CPU.Build.0 = Release|Any CPU
	EndGlobalSection
	GlobalSection(SolutionProperties) = preSolution
		HideSolutionNode = FALSE
	EndGlobalSection
	GlobalSection(ExtensibilityGlobals) = postSolution
		SolutionGuid = {77DBFEDE-6568-4369-9D60-CDE50734AF5E}
	EndGlobalSection
EndGlobal
